
Microsoft Visual Studio Solution File, Format Version 12.00
# Visual Studio Version 17
VisualStudioVersion = 17.14.36623.8 d17.14
MinimumVisualStudioVersion = 10.0.40219.1
Project("{FAE04EC0-301F-11D3-BF4B-00C04F79EFBC}") = "IndieDevPlatform.Api", "IndieDevPlatform.Api\IndieDevPlatform.Api.csproj", "{DDE39FF0-1F7F-4482-BA8C-35DF9B584493}"
EndProject
Global
	GlobalSection(SolutionConfigurationPlatforms) = preSolution
		Debug|Any CPU = Debug|Any CPU
		Release|Any CPU = Release|Any CPU
	EndGlobalSection
	GlobalSection(ProjectConfigurationPlatforms) = postSolution
		{DDE39FF0-1F7F-4482-BA8C-35DF9B584493}.Debug|Any CPU.ActiveCfg = Debug|Any CPU
		{DDE39FF0-1F7F-4482-BA8C-35DF9B584493}.Debug|Any CPU.Build.0 = Debug|Any CPU
		{DDE39FF0-1F7F-4482-BA8C-35DF9B584493}.Release|Any CPU.ActiveCfg = Release|Any CPU
		{DDE39FF0-1F7F-4482-BA8C-35DF9B584493}.Release|Any CPU.Build.0 = Release|Any CPU
	EndGlobalSection
	GlobalSection(SolutionProperties) = preSolution
		HideSolutionNode = FALSE
	EndGlobalSection
	GlobalSection(ExtensibilityGlobals) = postSolution
		SolutionGuid = {CF059D13-188E-4256-8D96-D1419D194DC7}
	EndGlobalSection
EndGlobal
